// !$*UTF8*$!
{
	archiveVersion = 1;
	classes = {
	};
	objectVersion = 48;
	objects = {

/* Begin PBXBuildFile section */
		4DF67DC71FFCD7CE004F122E /* AppDelegate.swift in Sources */ = {isa = PBXBuildFile; fileRef = 4DF67DC61FFCD7CE004F122E /* AppDelegate.swift */; };
		4DF67DC91FFCD7CE004F122E /* ViewController.swift in Sources */ = {isa = PBXBuildFile; fileRef = 4DF67DC81FFCD7CE004F122E /* ViewController.swift */; };
		4DF67DCC1FFCD7CE004F122E /* Main.storyboard in Resources */ = {isa = PBXBuildFile; fileRef = 4DF67DCA1FFCD7CE004F122E /* Main.storyboard */; };
		4DF67DCE1FFCD7CE004F122E /* Assets.xcassets in Resources */ = {isa = PBXBuildFile; fileRef = 4DF67DCD1FFCD7CE004F122E /* Assets.xcassets */; };
		4DF67DD11FFCD7CE004F122E /* LaunchScreen.storyboard in Resources */ = {isa = PBXBuildFile; fileRef = 4DF67DCF1FFCD7CE004F122E /* LaunchScreen.storyboard */; };
		4DF67DDC1FFCD7CE004F122E /* shopifyAppTests.swift in Sources */ = {isa = PBXBuildFile; fileRef = 4DF67DDB1FFCD7CE004F122E /* shopifyAppTests.swift */; };
		4DF67DE71FFCD7CE004F122E /* shopifyAppUITests.swift in Sources */ = {isa = PBXBuildFile; fileRef = 4DF67DE61FFCD7CE004F122E /* shopifyAppUITests.swift */; };
/* End PBXBuildFile section */

/* Begin PBXContainerItemProxy section */
		4DF67DD81FFCD7CE004F122E /* PBXContainerItemProxy */ = {
			isa = PBXContainerItemProxy;
			containerPortal = 4DF67DBB1FFCD7CE004F122E /* Project object */;
			proxyType = 1;
			remoteGlobalIDString = 4DF67DC21FFCD7CE004F122E;
			remoteInfo = shopifyApp;
		};
		4DF67DE31FFCD7CE004F122E /* PBXContainerItemProxy */ = {
			isa = PBXContainerItemProxy;
			containerPortal = 4DF67DBB1FFCD7CE004F122E /* Project object */;
			proxyType = 1;
			remoteGlobalIDString = 4DF67DC21FFCD7CE004F122E;
			remoteInfo = shopifyApp;
		};
/* End PBXContainerItemProxy section */

/* Begin PBXFileReference section */
		4DF67DC31FFCD7CE004F122E /* shopifyApp.app */ = {isa = PBXFileReference; explicitFileType = wrapper.application; includeInIndex = 0; path = shopifyApp.app; sourceTree = BUILT_PRODUCTS_DIR; };
		4DF67DC61FFCD7CE004F122E /* AppDelegate.swift */ = {isa = PBXFileReference; lastKnownFileType = sourcecode.swift; path = AppDelegate.swift; sourceTree = "<group>"; };
		4DF67DC81FFCD7CE004F122E /* ViewController.swift */ = {isa = PBXFileReference; lastKnownFileType = sourcecode.swift; path = ViewController.swift; sourceTree = "<group>"; };
		4DF67DCB1FFCD7CE004F122E /* Base */ = {isa = PBXFileReference; lastKnownFileType = file.storyboard; name = Base; path = Base.lproj/Main.storyboard; sourceTree = "<group>"; };
		4DF67DCD1FFCD7CE004F122E /* Assets.xcassets */ = {isa = PBXFileReference; lastKnownFileType = folder.assetcatalog; path = Assets.xcassets; sourceTree = "<group>"; };
		4DF67DD01FFCD7CE004F122E /* Base */ = {isa = PBXFileReference; lastKnownFileType = file.storyboard; name = Base; path = Base.lproj/LaunchScreen.storyboard; sourceTree = "<group>"; };
		4DF67DD21FFCD7CE004F122E /* Info.plist */ = {isa = PBXFileReference; lastKnownFileType = text.plist.xml; path = Info.plist; sourceTree = "<group>"; };
		4DF67DD71FFCD7CE004F122E /* shopifyAppTests.xctest */ = {isa = PBXFileReference; explicitFileType = wrapper.cfbundle; includeInIndex = 0; path = shopifyAppTests.xctest; sourceTree = BUILT_PRODUCTS_DIR; };
		4DF67DDB1FFCD7CE004F122E /* shopifyAppTests.swift */ = {isa = PBXFileReference; lastKnownFileType = sourcecode.swift; path = shopifyAppTests.swift; sourceTree = "<group>"; };
		4DF67DDD1FFCD7CE004F122E /* Info.plist */ = {isa = PBXFileReference; lastKnownFileType = text.plist.xml; path = Info.plist; sourceTree = "<group>"; };
		4DF67DE21FFCD7CE004F122E /* shopifyAppUITests.xctest */ = {isa = PBXFileReference; explicitFileType = wrapper.cfbundle; includeInIndex = 0; path = shopifyAppUITests.xctest; sourceTree = BUILT_PRODUCTS_DIR; };
		4DF67DE61FFCD7CE004F122E /* shopifyAppUITests.swift */ = {isa = PBXFileReference; lastKnownFileType = sourcecode.swift; path = shopifyAppUITests.swift; sourceTree = "<group>"; };
		4DF67DE81FFCD7CE004F122E /* Info.plist */ = {isa = PBXFileReference; lastKnownFileType = text.plist.xml; path = Info.plist; sourceTree = "<group>"; };
/* End PBXFileReference section */

/* Begin PBXFrameworksBuildPhase section */
		4DF67DC01FFCD7CE004F122E /* Frameworks */ = {
			isa = PBXFrameworksBuildPhase;
			buildActionMask = 2147483647;
			files = (
			);
			runOnlyForDeploymentPostprocessing = 0;
		};
		4DF67DD41FFCD7CE004F122E /* Frameworks */ = {
			isa = PBXFrameworksBuildPhase;
			buildActionMask = 2147483647;
			files = (
			);
			runOnlyForDeploymentPostprocessing = 0;
		};
		4DF67DDF1FFCD7CE004F122E /* Frameworks */ = {
			isa = PBXFrameworksBuildPhase;
			buildActionMask = 2147483647;
			files = (
			);
			runOnlyForDeploymentPostprocessing = 0;
		};
/* End PBXFrameworksBuildPhase section */

/* Begin PBXGroup section */
		4DF67DBA1FFCD7CE004F122E = {
			isa = PBXGroup;
			children = (
				4DF67DC51FFCD7CE004F122E /* shopifyApp */,
				4DF67DDA1FFCD7CE004F122E /* shopifyAppTests */,
				4DF67DE51FFCD7CE004F122E /* shopifyAppUITests */,
				4DF67DC41FFCD7CE004F122E /* Products */,
			);
			sourceTree = "<group>";
		};
		4DF67DC41FFCD7CE004F122E /* Products */ = {
			isa = PBXGroup;
			children = (
				4DF67DC31FFCD7CE004F122E /* shopifyApp.app */,
				4DF67DD71FFCD7CE004F122E /* shopifyAppTests.xctest */,
				4DF67DE21FFCD7CE004F122E /* shopifyAppUITests.xctest */,
			);
			name = Products;
			sourceTree = "<group>";
		};
		4DF67DC51FFCD7CE004F122E /* shopifyApp */ = {
			isa = PBXGroup;
			children = (
				4DF67DC61FFCD7CE004F122E /* AppDelegate.swift */,
				4DF67DC81FFCD7CE004F122E /* ViewController.swift */,
				4DF67DCA1FFCD7CE004F122E /* Main.storyboard */,
				4DF67DCD1FFCD7CE004F122E /* Assets.xcassets */,
				4DF67DCF1FFCD7CE004F122E /* LaunchScreen.storyboard */,
				4DF67DD21FFCD7CE004F122E /* Info.plist */,
			);
			path = shopifyApp;
			sourceTree = "<group>";
		};
		4DF67DDA1FFCD7CE004F122E /* shopifyAppTests */ = {
			isa = PBXGroup;
			children = (
				4DF67DDB1FFCD7CE004F122E /* shopifyAppTests.swift */,
				4DF67DDD1FFCD7CE004F122E /* Info.plist */,
			);
			path = shopifyAppTests;
			sourceTree = "<group>";
		};
		4DF67DE51FFCD7CE004F122E /* shopifyAppUITests */ = {
			isa = PBXGroup;
			children = (
				4DF67DE61FFCD7CE004F122E /* shopifyAppUITests.swift */,
				4DF67DE81FFCD7CE004F122E /* Info.plist */,
			);
			path = shopifyAppUITests;
			sourceTree = "<group>";
		};
/* End PBXGroup section */

/* Begin PBXNativeTarget section */
		4DF67DC21FFCD7CE004F122E /* shopifyApp */ = {
			isa = PBXNativeTarget;
			buildConfigurationList = 4DF67DEB1FFCD7CE004F122E /* Build configuration list for PBXNativeTarget "shopifyApp" */;
			buildPhases = (
				4DF67DBF1FFCD7CE004F122E /* Sources */,
				4DF67DC01FFCD7CE004F122E /* Frameworks */,
				4DF67DC11FFCD7CE004F122E /* Resources */,
			);
			buildRules = (
			);
			dependencies = (
			);
			name = shopifyApp;
			productName = shopifyApp;
			productReference = 4DF67DC31FFCD7CE004F122E /* shopifyApp.app */;
			productType = "com.apple.product-type.application";
		};
		4DF67DD61FFCD7CE004F122E /* shopifyAppTests */ = {
			isa = PBXNativeTarget;
			buildConfigurationList = 4DF67DEE1FFCD7CE004F122E /* Build configuration list for PBXNativeTarget "shopifyAppTests" */;
			buildPhases = (
				4DF67DD31FFCD7CE004F122E /* Sources */,
				4DF67DD41FFCD7CE004F122E /* Frameworks */,
				4DF67DD51FFCD7CE004F122E /* Resources */,
			);
			buildRules = (
			);
			dependencies = (
				4DF67DD91FFCD7CE004F122E /* PBXTargetDependency */,
			);
			name = shopifyAppTests;
			productName = shopifyAppTests;
			productReference = 4DF67DD71FFCD7CE004F122E /* shopifyAppTests.xctest */;
			productType = "com.apple.product-type.bundle.unit-test";
		};
		4DF67DE11FFCD7CE004F122E /* shopifyAppUITests */ = {
			isa = PBXNativeTarget;
			buildConfigurationList = 4DF67DF11FFCD7CE004F122E /* Build configuration list for PBXNativeTarget "shopifyAppUITests" */;
			buildPhases = (
				4DF67DDE1FFCD7CE004F122E /* Sources */,
				4DF67DDF1FFCD7CE004F122E /* Frameworks */,
				4DF67DE01FFCD7CE004F122E /* Resources */,
			);
			buildRules = (
			);
			dependencies = (
				4DF67DE41FFCD7CE004F122E /* PBXTargetDependency */,
			);
			name = shopifyAppUITests;
			productName = shopifyAppUITests;
			productReference = 4DF67DE21FFCD7CE004F122E /* shopifyAppUITests.xctest */;
			productType = "com.apple.product-type.bundle.ui-testing";
		};
/* End PBXNativeTarget section */

/* Begin PBXProject section */
		4DF67DBB1FFCD7CE004F122E /* Project object */ = {
			isa = PBXProject;
			attributes = {
				LastSwiftUpdateCheck = 0910;
				LastUpgradeCheck = 0910;
				ORGANIZATIONNAME = "Ahmed Al-Zahrani";
				TargetAttributes = {
					4DF67DC21FFCD7CE004F122E = {
						CreatedOnToolsVersion = 9.1;
						ProvisioningStyle = Automatic;
					};
					4DF67DD61FFCD7CE004F122E = {
						CreatedOnToolsVersion = 9.1;
						ProvisioningStyle = Automatic;
						TestTargetID = 4DF67DC21FFCD7CE004F122E;
					};
					4DF67DE11FFCD7CE004F122E = {
						CreatedOnToolsVersion = 9.1;
						ProvisioningStyle = Automatic;
						TestTargetID = 4DF67DC21FFCD7CE004F122E;
					};
				};
			};
			buildConfigurationList = 4DF67DBE1FFCD7CE004F122E /* Build configuration list for PBXProject "shopifyApp" */;
			compatibilityVersion = "Xcode 8.0";
			developmentRegion = en;
			hasScannedForEncodings = 0;
			knownRegions = (
				en,
				Base,
			);
			mainGroup = 4DF67DBA1FFCD7CE004F122E;
			productRefGroup = 4DF67DC41FFCD7CE004F122E /* Products */;
			projectDirPath = "";
			projectRoot = "";
			targets = (
				4DF67DC21FFCD7CE004F122E /* shopifyApp */,
				4DF67DD61FFCD7CE004F122E /* shopifyAppTests */,
				4DF67DE11FFCD7CE004F122E /* shopifyAppUITests */,
			);
		};
/* End PBXProject section */

/* Begin PBXResourcesBuildPhase section */
		4DF67DC11FFCD7CE004F122E /* Resources */ = {
			isa = PBXResourcesBuildPhase;
			buildActionMask = 2147483647;
			files = (
				4DF67DD11FFCD7CE004F122E /* LaunchScreen.storyboard in Resources */,
				4DF67DCE1FFCD7CE004F122E /* Assets.xcassets in Resources */,
				4DF67DCC1FFCD7CE004F122E /* Main.storyboard in Resources */,
			);
			runOnlyForDeploymentPostprocessing = 0;
		};
		4DF67DD51FFCD7CE004F122E /* Resources */ = {
			isa = PBXResourcesBuildPhase;
			buildActionMask = 2147483647;
			files = (
			);
			runOnlyForDeploymentPostprocessing = 0;
		};
		4DF67DE01FFCD7CE004F122E /* Resources */ = {
			isa = PBXResourcesBuildPhase;
			buildActionMask = 2147483647;
			files = (
			);
			runOnlyForDeploymentPostprocessing = 0;
		};
/* End PBXResourcesBuildPhase section */

/* Begin PBXSourcesBuildPhase section */
		4DF67DBF1FFCD7CE004F122E /* Sources */ = {
			isa = PBXSourcesBuildPhase;
			buildActionMask = 2147483647;
			files = (
				4DF67DC91FFCD7CE004F122E /* ViewController.swift in Sources */,
				4DF67DC71FFCD7CE004F122E /* AppDelegate.swift in Sources */,
			);
			runOnlyForDeploymentPostprocessing = 0;
		};
		4DF67DD31FFCD7CE004F122E /* Sources */ = {
			isa = PBXSourcesBuildPhase;
			buildActionMask = 2147483647;
			files = (
				4DF67DDC1FFCD7CE004F122E /* shopifyAppTests.swift in Sources */,
			);
			runOnlyForDeploymentPostprocessing = 0;
		};
		4DF67DDE1FFCD7CE004F122E /* Sources */ = {
			isa = PBXSourcesBuildPhase;
			buildActionMask = 2147483647;
			files = (
				4DF67DE71FFCD7CE004F122E /* shopifyAppUITests.swift in Sources */,
			);
			runOnlyForDeploymentPostprocessing = 0;
		};
/* End PBXSourcesBuildPhase section */

/* Begin PBXTargetDependency section */
		4DF67DD91FFCD7CE004F122E /* PBXTargetDependency */ = {
			isa = PBXTargetDependency;
			target = 4DF67DC21FFCD7CE004F122E /* shopifyApp */;
			targetProxy = 4DF67DD81FFCD7CE004F122E /* PBXContainerItemProxy */;
		};
		4DF67DE41FFCD7CE004F122E /* PBXTargetDependency */ = {
			isa = PBXTargetDependency;
			target = 4DF67DC21FFCD7CE004F122E /* shopifyApp */;
			targetProxy = 4DF67DE31FFCD7CE004F122E /* PBXContainerItemProxy */;
		};
/* End PBXTargetDependency section */

/* Begin PBXVariantGroup section */
		4DF67DCA1FFCD7CE004F122E /* Main.storyboard */ = {
			isa = PBXVariantGroup;
			children = (
				4DF67DCB1FFCD7CE004F122E /* Base */,
			);
			name = Main.storyboard;
			sourceTree = "<group>";
		};
		4DF67DCF1FFCD7CE004F122E /* LaunchScreen.storyboard */ = {
			isa = PBXVariantGroup;
			children = (
				4DF67DD01FFCD7CE004F122E /* Base */,
			);
			name = LaunchScreen.storyboard;
			sourceTree = "<group>";
		};
/* End PBXVariantGroup section */

/* Begin XCBuildConfiguration section */
		4DF67DE91FFCD7CE004F122E /* Debug */ = {
			isa = XCBuildConfiguration;
			buildSettings = {
				ALWAYS_SEARCH_USER_PATHS = NO;
				CLANG_ANALYZER_NONNULL = YES;
				CLANG_ANALYZER_NUMBER_OBJECT_CONVERSION = YES_AGGRESSIVE;
				CLANG_CXX_LANGUAGE_STANDARD = "gnu++14";
				CLANG_CXX_LIBRARY = "libc++";
				CLANG_ENABLE_MODULES = YES;
				CLANG_ENABLE_OBJC_ARC = YES;
				CLANG_WARN_BLOCK_CAPTURE_AUTORELEASING = YES;
				CLANG_WARN_BOOL_CONVERSION = YES;
				CLANG_WARN_COMMA = YES;
				CLANG_WARN_CONSTANT_CONVERSION = YES;
				CLANG_WARN_DIRECT_OBJC_ISA_USAGE = YES_ERROR;
				CLANG_WARN_DOCUMENTATION_COMMENTS = YES;
				CLANG_WARN_EMPTY_BODY = YES;
				CLANG_WARN_ENUM_CONVERSION = YES;
				CLANG_WARN_INFINITE_RECURSION = YES;
				CLANG_WARN_INT_CONVERSION = YES;
				CLANG_WARN_NON_LITERAL_NULL_CONVERSION = YES;
				CLANG_WARN_OBJC_LITERAL_CONVERSION = YES;
				CLANG_WARN_OBJC_ROOT_CLASS = YES_ERROR;
				CLANG_WARN_RANGE_LOOP_ANALYSIS = YES;
				CLANG_WARN_STRICT_PROTOTYPES = YES;
				CLANG_WARN_SUSPICIOUS_MOVE = YES;
				CLANG_WARN_UNGUARDED_AVAILABILITY = YES_AGGRESSIVE;
				CLANG_WARN_UNREACHABLE_CODE = YES;
				CLANG_WARN__DUPLICATE_METHOD_MATCH = YES;
				CODE_SIGN_IDENTITY = "iPhone Developer";
				COPY_PHASE_STRIP = NO;
				DEBUG_INFORMATION_FORMAT = dwarf;
				ENABLE_STRICT_OBJC_MSGSEND = YES;
				ENABLE_TESTABILITY = YES;
				GCC_C_LANGUAGE_STANDARD = gnu11;
				GCC_DYNAMIC_NO_PIC = NO;
				GCC_NO_COMMON_BLOCKS = YES;
				GCC_OPTIMIZATION_LEVEL = 0;
				GCC_PREPROCESSOR_DEFINITIONS = (
					"DEBUG=1",
					"$(inherited)",
				);
				GCC_WARN_64_TO_32_BIT_CONVERSION = YES;
				GCC_WARN_ABOUT_RETURN_TYPE = YES_ERROR;
				GCC_WARN_UNDECLARED_SELECTOR = YES;
				GCC_WARN_UNINITIALIZED_AUTOS = YES_AGGRESSIVE;
				GCC_WARN_UNUSED_FUNCTION = YES;
				GCC_WARN_UNUSED_VARIABLE = YES;
				IPHONEOS_DEPLOYMENT_TARGET = 11.1;
				MTL_ENABLE_DEBUG_INFO = YES;
				ONLY_ACTIVE_ARCH = YES;
				SDKROOT = iphoneos;
				SWIFT_ACTIVE_COMPILATION_CONDITIONS = DEBUG;
				SWIFT_OPTIMIZATION_LEVEL = "-Onone";
			};
			name = Debug;
		};
		4DF67DEA1FFCD7CE004F122E /* Release */ = {
			isa = XCBuildConfiguration;
			buildSettings = {
				ALWAYS_SEARCH_USER_PATHS = NO;
				CLANG_ANALYZER_NONNULL = YES;
				CLANG_ANALYZER_NUMBER_OBJECT_CONVERSION = YES_AGGRESSIVE;
				CLANG_CXX_LANGUAGE_STANDARD = "gnu++14";
				CLANG_CXX_LIBRARY = "libc++";
				CLANG_ENABLE_MODULES = YES;
				CLANG_ENABLE_OBJC_ARC = YES;
				CLANG_WARN_BLOCK_CAPTURE_AUTORELEASING = YES;
				CLANG_WARN_BOOL_CONVERSION = YES;
				CLANG_WARN_COMMA = YES;
				CLANG_WARN_CONSTANT_CONVERSION = YES;
				CLANG_WARN_DIRECT_OBJC_ISA_USAGE = YES_ERROR;
				CLANG_WARN_DOCUMENTATION_COMMENTS = YES;
				CLANG_WARN_EMPTY_BODY = YES;
				CLANG_WARN_ENUM_CONVERSION = YES;
				CLANG_WARN_INFINITE_RECURSION = YES;
				CLANG_WARN_INT_CONVERSION = YES;
				CLANG_WARN_NON_LITERAL_NULL_CONVERSION = YES;
				CLANG_WARN_OBJC_LITERAL_CONVERSION = YES;
				CLANG_WARN_OBJC_ROOT_CLASS = YES_ERROR;
				CLANG_WARN_RANGE_LOOP_ANALYSIS = YES;
				CLANG_WARN_STRICT_PROTOTYPES = YES;
				CLANG_WARN_SUSPICIOUS_MOVE = YES;
				CLANG_WARN_UNGUARDED_AVAILABILITY = YES_AGGRESSIVE;
				CLANG_WARN_UNREACHABLE_CODE = YES;
				CLANG_WARN__DUPLICATE_METHOD_MATCH = YES;
				CODE_SIGN_IDENTITY = "iPhone Developer";
				COPY_PHASE_STRIP = NO;
				DEBUG_INFORMATION_FORMAT = "dwarf-with-dsym";
				ENABLE_NS_ASSERTIONS = NO;
				ENABLE_STRICT_OBJC_MSGSEND = YES;
				GCC_C_LANGUAGE_STANDARD = gnu11;
				GCC_NO_COMMON_BLOCKS = YES;
				GCC_WARN_64_TO_32_BIT_CONVERSION = YES;
				GCC_WARN_ABOUT_RETURN_TYPE = YES_ERROR;
				GCC_WARN_UNDECLARED_SELECTOR = YES;
				GCC_WARN_UNINITIALIZED_AUTOS = YES_AGGRESSIVE;
				GCC_WARN_UNUSED_FUNCTION = YES;
				GCC_WARN_UNUSED_VARIABLE = YES;
				IPHONEOS_DEPLOYMENT_TARGET = 11.1;
				MTL_ENABLE_DEBUG_INFO = NO;
				SDKROOT = iphoneos;
				SWIFT_OPTIMIZATION_LEVEL = "-Owholemodule";
				VALIDATE_PRODUCT = YES;
			};
			name = Release;
		};
		4DF67DEC1FFCD7CE004F122E /* Debug */ = {
			isa = XCBuildConfiguration;
			buildSettings = {
				ASSETCATALOG_COMPILER_APPICON_NAME = AppIcon;
				CODE_SIGN_STYLE = Automatic;
				DEVELOPMENT_TEAM = 6TGDJ7X5CN;
				INFOPLIST_FILE = shopifyApp/Info.plist;
				LD_RUNPATH_SEARCH_PATHS = "$(inherited) @executable_path/Frameworks";
				PRODUCT_BUNDLE_IDENTIFIER = ahmed.shopifyApp;
				PRODUCT_NAME = "$(TARGET_NAME)";
				SWIFT_VERSION = 4.0;
				TARGETED_DEVICE_FAMILY = "1,2";
			};
			name = Debug;
		};
		4DF67DED1FFCD7CE004F122E /* Release */ = {
			isa = XCBuildConfiguration;
			buildSettings = {
				ASSETCATALOG_COMPILER_APPICON_NAME = AppIcon;
				CODE_SIGN_STYLE = Automatic;
				DEVELOPMENT_TEAM = 6TGDJ7X5CN;
				INFOPLIST_FILE = shopifyApp/Info.plist;
				LD_RUNPATH_SEARCH_PATHS = "$(inherited) @executable_path/Frameworks";
				PRODUCT_BUNDLE_IDENTIFIER = ahmed.shopifyApp;
				PRODUCT_NAME = "$(TARGET_NAME)";
				SWIFT_VERSION = 4.0;
				TARGETED_DEVICE_FAMILY = "1,2";
			};
			name = Release;
		};
		4DF67DEF1FFCD7CE004F122E /* Debug */ = {
			isa = XCBuildConfiguration;
			buildSettings = {
				ALWAYS_EMBED_SWIFT_STANDARD_LIBRARIES = YES;
				BUNDLE_LOADER = "$(TEST_HOST)";
				CODE_SIGN_STYLE = Automatic;
				DEVELOPMENT_TEAM = 6TGDJ7X5CN;
				INFOPLIST_FILE = shopifyAppTests/Info.plist;
				LD_RUNPATH_SEARCH_PATHS = "$(inherited) @executable_path/Frameworks @loader_path/Frameworks";
				PRODUCT_BUNDLE_IDENTIFIER = ahmed.shopifyAppTests;
				PRODUCT_NAME = "$(TARGET_NAME)";
				SWIFT_VERSION = 4.0;
				TARGETED_DEVICE_FAMILY = "1,2";
				TEST_HOST = "$(BUILT_PRODUCTS_DIR)/shopifyApp.app/shopifyApp";
			};
			name = Debug;
		};
		4DF67DF01FFCD7CE004F122E /* Release */ = {
			isa = XCBuildConfiguration;
			buildSettings = {
				ALWAYS_EMBED_SWIFT_STANDARD_LIBRARIES = YES;
				BUNDLE_LOADER = "$(TEST_HOST)";
				CODE_SIGN_STYLE = Automatic;
				DEVELOPMENT_TEAM = 6TGDJ7X5CN;
				INFOPLIST_FILE = shopifyAppTests/Info.plist;
				LD_RUNPATH_SEARCH_PATHS = "$(inherited) @executable_path/Frameworks @loader_path/Frameworks";
				PRODUCT_BUNDLE_IDENTIFIER = ahmed.shopifyAppTests;
				PRODUCT_NAME = "$(TARGET_NAME)";
				SWIFT_VERSION = 4.0;
				TARGETED_DEVICE_FAMILY = "1,2";
				TEST_HOST = "$(BUILT_PRODUCTS_DIR)/shopifyApp.app/shopifyApp";
			};
			name = Release;
		};
		4DF67DF21FFCD7CE004F122E /* Debug */ = {
			isa = XCBuildConfiguration;
			buildSettings = {
				ALWAYS_EMBED_SWIFT_STANDARD_LIBRARIES = YES;
				CODE_SIGN_STYLE = Automatic;
				DEVELOPMENT_TEAM = 6TGDJ7X5CN;
				INFOPLIST_FILE = shopifyAppUITests/Info.plist;
				LD_RUNPATH_SEARCH_PATHS = "$(inherited) @executable_path/Frameworks @loader_path/Frameworks";
				PRODUCT_BUNDLE_IDENTIFIER = ahmed.shopifyAppUITests;
				PRODUCT_NAME = "$(TARGET_NAME)";
				SWIFT_VERSION = 4.0;
				TARGETED_DEVICE_FAMILY = "1,2";
				TEST_TARGET_NAME = shopifyApp;
			};
			name = Debug;
		};
		4DF67DF31FFCD7CE004F122E /* Release */ = {
			isa = XCBuildConfiguration;
			buildSettings = {
				ALWAYS_EMBED_SWIFT_STANDARD_LIBRARIES = YES;
				CODE_SIGN_STYLE = Automatic;
				DEVELOPMENT_TEAM = 6TGDJ7X5CN;
				INFOPLIST_FILE = shopifyAppUITests/Info.plist;
				LD_RUNPATH_SEARCH_PATHS = "$(inherited) @executable_path/Frameworks @loader_path/Frameworks";
				PRODUCT_BUNDLE_IDENTIFIER = ahmed.shopifyAppUITests;
				PRODUCT_NAME = "$(TARGET_NAME)";
				SWIFT_VERSION = 4.0;
				TARGETED_DEVICE_FAMILY = "1,2";
				TEST_TARGET_NAME = shopifyApp;
			};
			name = Release;
		};
/* End XCBuildConfiguration section */

/* Begin XCConfigurationList section */
		4DF67DBE1FFCD7CE004F122E /* Build configuration list for PBXProject "shopifyApp" */ = {
			isa = XCConfigurationList;
			buildConfigurations = (
				4DF67DE91FFCD7CE004F122E /* Debug */,
				4DF67DEA1FFCD7CE004F122E /* Release */,
			);
			defaultConfigurationIsVisible = 0;
			defaultConfigurationName = Release;
		};
		4DF67DEB1FFCD7CE004F122E /* Build configuration list for PBXNativeTarget "shopifyApp" */ = {
			isa = XCConfigurationList;
			buildConfigurations = (
				4DF67DEC1FFCD7CE004F122E /* Debug */,
				4DF67DED1FFCD7CE004F122E /* Release */,
			);
			defaultConfigurationIsVisible = 0;
			defaultConfigurationName = Release;
		};
		4DF67DEE1FFCD7CE004F122E /* Build configuration list for PBXNativeTarget "shopifyAppTests" */ = {
			isa = XCConfigurationList;
			buildConfigurations = (
				4DF67DEF1FFCD7CE004F122E /* Debug */,
				4DF67DF01FFCD7CE004F122E /* Release */,
			);
			defaultConfigurationIsVisible = 0;
			defaultConfigurationName = Release;
		};
		4DF67DF11FFCD7CE004F122E /* Build configuration list for PBXNativeTarget "shopifyAppUITests" */ = {
			isa = XCConfigurationList;
			buildConfigurations = (
				4DF67DF21FFCD7CE004F122E /* Debug */,
				4DF67DF31FFCD7CE004F122E /* Release */,
			);
			defaultConfigurationIsVisible = 0;
			defaultConfigurationName = Release;
		};
/* End XCConfigurationList section */
	};
	rootObject = 4DF67DBB1FFCD7CE004F122E /* Project object */;
}
